
Microsoft Visual Studio Solution File, Format Version 12.00
# Visual Studio Version 16
VisualStudioVersion = 16.0.30907.101
MinimumVisualStudioVersion = 10.0.40219.1
Project("{FAE04EC0-301F-11D3-BF4B-00C04F79EFBC}") = "GoFish", "GoFish\GoFish.csproj", "{2F43B0C3-F7BC-4234-ACA8-04C2BD740F13}"
EndProject
Project("{FAE04EC0-301F-11D3-BF4B-00C04F79EFBC}") = "ServiceHost", "ServiceHost\ServiceHost.csproj", "{9B64264D-8AD4-4C6F-8845-A3A1D013FCA3}"
EndProject
Project("{FAE04EC0-301F-11D3-BF4B-00C04F79EFBC}") = "GoFishClient", "GoFishClient\GoFishClient.csproj", "{A17EA077-0D10-416E-9998-4775E6C4560F}"
EndProject
Global
	GlobalSection(SolutionConfigurationPlatforms) = preSolution
		Debug|Any CPU = Debug|Any CPU
		Release|Any CPU = Release|Any CPU
	EndGlobalSection
	GlobalSection(ProjectConfigurationPlatforms) = postSolution
		{2F43B0C3-F7BC-4234-ACA8-04C2BD740F13}.Debug|Any CPU.ActiveCfg = Debug|Any CPU
		{2F43B0C3-F7BC-4234-ACA8-04C2BD740F13}.Debug|Any CPU.Build.0 = Debug|Any CPU
		{2F43B0C3-F7BC-4234-ACA8-04C2BD740F13}.Release|Any CPU.ActiveCfg = Release|Any CPU
		{2F43B0C3-F7BC-4234-ACA8-04C2BD740F13}.Release|Any CPU.Build.0 = Release|Any CPU
		{9B64264D-8AD4-4C6F-8845-A3A1D013FCA3}.Debug|Any CPU.ActiveCfg = Debug|Any CPU
		{9B64264D-8AD4-4C6F-8845-A3A1D013FCA3}.Debug|Any CPU.Build.0 = Debug|Any CPU
		{9B64264D-8AD4-4C6F-8845-A3A1D013FCA3}.Release|Any CPU.ActiveCfg = Release|Any CPU
		{9B64264D-8AD4-4C6F-8845-A3A1D013FCA3}.Release|Any CPU.Build.0 = Release|Any CPU
		{A17EA077-0D10-416E-9998-4775E6C4560F}.Debug|Any CPU.ActiveCfg = Debug|Any CPU
		{A17EA077-0D10-416E-9998-4775E6C4560F}.Debug|Any CPU.Build.0 = Debug|Any CPU
		{A17EA077-0D10-416E-9998-4775E6C4560F}.Release|Any CPU.ActiveCfg = Release|Any CPU
		{A17EA077-0D10-416E-9998-4775E6C4560F}.Release|Any CPU.Build.0 = Release|Any CPU
	EndGlobalSection
	GlobalSection(SolutionProperties) = preSolution
		HideSolutionNode = FALSE
	EndGlobalSection
	GlobalSection(ExtensibilityGlobals) = postSolution
		SolutionGuid = {A37DB5A9-1C7C-4624-9AC7-861279436A09}
	EndGlobalSection
EndGlobal
